{
  "name": "access-mars",
  "version": "0.0.1",
  "lockfileVersion": 3,
  "requires": true,
  "packages": {
    "": {
      "name": "access-mars",
      "version": "0.0.1",
      "dependencies": {
        "aframe": "googlecreativelab/aframe#v0.6.0c-mod",
        "aframe-daydream-controller-component": "jeremyabel/aframe-daydream-controller-component",
        "bezier-easing": "2.0.3",
        "clone-deep": "^1.0.0",
        "eventemitter3": "2.0.2",
        "ios-safe-audio-context": "1.0.1",
        "promise-polyfill": "6.0.2",
        "qs": "6.4.0",
        "screenfull": "^3.3.1",
        "sono": "^2.1.2",
        "tween.js": "^16.6.0",
        "web-audio-player": "1.3.1",
        "webvr-ui": "^0.10.0",
        "whatwg-fetch": "^2.0.3"
      },
      "devDependencies": {
        "babel-preset-es2015": "^6.16.0",
        "babel-preset-stage-2": "^6.22.0",
        "babelify": "^7.3.0",
        "browserify": "^14.0.0",
        "budo": "^9.4.7",
        "derequire": "^2.0.3",
        "discify": "^1.6.0",
        "sass": "^1.77.0"
      }
    },
    "node_modules/@parcel/watcher": {
      "version": "2.4.1",
      "resolved": "https://registry.npmjs.org/@parcel/watcher/-/watcher-2.4.1.tgz",
      "integrity": "sha512-HNjmfLQEsQkS1oUMEJt3W4DkG5q7ZxIJnqnrD9tKtiddQ61J7ZTw3o2b9vD+vqWY58tymtoUMmxwoS8UCv4MJw==",
      "engines": {
        "node": ">= 10.0.0"
      },
      "dependencies": {
        "detect-libc": "^1.0.3",
        "is-glob": "^4.0.3",
        "micromatch": "^4.0.5",
        "node-gyp-build": "^4.3.0"
      }
    },
    "node_modules/@types/json5": {
      "version": "0.0.29",
      "resolved": "https://registry.npmjs.org/@types/json5/-/json5-0.0.29.tgz",
      "integrity": "sha512-dRLjCWHYg4oaA77cxO64oO+7hokeZFambIQTZACLVwNcrJyPLwPycyma4HlqQufGugs5nyi8b850eVZ5hSh6T0g=="
    },
    "node_modules/anymatch": {
      "version": "3.1.3",
      "resolved": "https://registry.npmjs.org/anymatch/-/anymatch-3.1.3.tgz",
      "integrity": "sha512-KMReFUr0B4t+D+OBkjR3KYcOxW5Hg56oH+VYUUvsStjWQtPPaNRMvvGQBJfqvlQ5DthJZeuzHxl+uQDx3RapKQ==",
      "engines": {
        "node": ">= 8"
      },
      "dependencies": {
        "normalize-path": "^3.0.0",
        "picomatch": "^2.0.4"
      }
    },
    "node_modules/binary-extensions": {
      "version": "2.3.0",
      "resolved": "https://registry.npmjs.org/binary-extensions/-/binary-extensions-2.3.0.tgz",
      "integrity": "sha512-Ceh+7ox5qe7LJXDn8rYvxJ2NY6ZCQMvhlmD2Qo9fNIHoI6T9WtdDaYVHlt7Qcd6lVH+d7p93L2B1CrdlJayMUQ==",
      "engines": {
        "node": ">=8"
      }
    },
    "node_modules/braces": {
      "version": "3.0.3",
      "resolved": "https://registry.npmjs.org/braces/-/braces-3.0.3.tgz",
      "integrity": "sha512-yQbXgO/OSZVD2IsiRS9js29NLmQKSv5EJcqAeftbtQKfNfrkM7/5QJV10FeIqrNfRfm7sort9W+wWmCnjD4l+tQ==",
      "engines": {
        "node": ">=8"
      },
      "dependencies": {
        "fill-range": "^7.1.1"
      }
    },
    "node_modules/chokidar": {
      "version": "3.5.3",
      "resolved": "https://registry.npmjs.org/chokidar/-/chokidar-3.5.3.tgz",
      "integrity": "sha512-Dr3sfKRP6oTcjf2yUdevLLv+GvPr+ZJVzqrZiVsOMaPQz3CQtuKjYbsCkqBXdm7Xd0f7MsZ+QaYx01wn3J6+9kA==",
      "engines": {
        "node": ">= 8.10.0"
      },
      "dependencies": {
        "anymatch": "~3.1.2",
        "braces": "~3.0.2",
        "fsevents": "~2.3.2",
        "glob-parent": "~5.1.2",
        "is-binary-path": "~2.1.0",
        "is-glob": "~4.0.1",
        "normalize-path": "~3.0.0",
        "readdirp": "~3.6.0"
      },
      "optionalDependencies": {
        "fsevents": "~2.3.2"
      }
    },
    "node_modules/detect-libc": {
      "version": "1.0.3",
      "resolved": "https://registry.npmjs.org/detect-libc/-/detect-libc-1.0.3.tgz",
      "integrity": "sha512-pDrylw7qM7o+R+jKY4aXqbnkvasesNuBC3ttkWP38Z+/33SEQnVmqu4ONj2r24+O58j60KmMOenKwc+157nZ7ew==",
      "engines": {
        "node": ">=6"
      }
    },
    "node_modules/fill-range": {
      "version": "7.1.1",
      "resolved": "https://registry.npmjs.org/fill-range/-/fill-range-7.1.1.tgz",
      "integrity": "sha512-YsWWV8z8jgLbVSYL5Ug2dEKSVDwvjY7/qRoKL8LcFMEjhP3xN0b0X3tftjEiYQKlpkKB2+MI7g/iBP4K5sP5Pg==",
      "engines": {
        "node": ">=8"
      },
      "dependencies": {
        "to-regex-range": "^5.0.1"
      }
    },
    "node_modules/fsevents": {
      "version": "2.3.3",
      "resolved": "https://registry.npmjs.org/fsevents/-/fsevents-2.3.3.tgz",
      "integrity": "sha512-5xoDfX+fL7faATnagmWtdHk0a+/n4G+4aT+AxItJlguerJwWxWvtc1履oy1XkV+yfRA7mMheS0ebMxeLmouNw==",
      "engines": {
        "node": "^8.16.0 || ^10.6.0 || >=11.0.0"
      },
      "os": [
        "darwin"
      ],
      "optional": true
    },
    "node_modules/glob-parent": {
      "version": "5.1.2",
      "resolved": "https://registry.npmjs.org/glob-parent/-/glob-parent-5.1.2.tgz",
      "integrity": "sha512-AOIgSQCepiJYwP3ARciCv//qgyBtDeV3v97a0CNlF6A6cm47kZZX/SihrzDME2qO5DWOA1v2PUcotpWvoleVisA==",
      "dependencies": {
        "is-glob": "^4.0.1"
      }
    },
    "node_modules/immutable": {
      "version": "4.3.6",
      "resolved": "https://registry.npmjs.org/immutable/-/immutable-4.3.6.tgz",
      "integrity": "sha512-sDkJT0uc+OjHEHqbFgCfO+QVjqYSvqN6YW3DgNu7CrJGfVMAyNSzj4DkrDSQaJ+wGcvNhXz/8n2Anj1EEEe+w=="
    },
    "node_modules/is-binary-path": {
      "version": "2.1.0",
      "resolved": "https://registry.npmjs.org/is-binary-path/-/is-binary-path-2.1.0.tgz",
      "integrity": "sha512-ZMERYes6pDydyuGidKpsfzCblLGXXiyxqDhojO1edHxiS49eQkW96SsHZIiCEP33託+ijVJDVe3+O+Smlvs5lA==",
      "dependencies": {
        "binary-extensions": "^2.0.0"
      }
    },
    "node_modules/is-extglob": {
      "version": "2.1.1",
      "resolved": "https://registry.npmjs.org/is-extglob/-/is-extglob-2.1.1.tgz",
      "integrity": "sha512-SbKbANkN603AlzrpGvwhMYYMVrMe9uh5mAp7hzZHuP2LLj5v6Y+RV5C2/0qSRFP++fgiHkMmrX3yEerGIIZ3otQ==",
      "engines": {
        "node": ">=0.10.0"
      }
    },
    "node_modules/is-glob": {
      "version": "4.0.3",
      "resolved": "https://registry.npmjs.org/is-glob/-/is-glob-4.0.3.tgz",
      "integrity": "sha512-xelSayHH36ZgE7ZWhli7pW34hNbMQlwy7xral0w8+5Scl3FBsTCvMk04fJxNE+d86ZNlRNRbuaO1EmCmypxFugA==",
      "dependencies": {
        "is-extglob": "^2.1.1"
      }
    },
    "node_modules/json5": {
      "version": "2.2.3",
      "resolved": "https://registry.npmjs.org/json5/-/json5-2.2.3.tgz",
      "integrity": "sha512-XmOWe7eyHapWFSlwQ3unk+VQo6rpPertZHdA9b/VECn5pWgP+STYZLGuUN3eyYNXvnEYNOJISStH+8MSwBrqqDA==",
      "bin": {
        "json5": "lib/cli.js"
      },
      "engines": {
        "node": ">=6"
      }
    },
    "node_modules/micromatch": {
      "version": "4.0.7",
      "resolved": "https://registry.npmjs.org/micromatch/-/micromatch-4.0.7.tgz",
      "integrity": "sha512-LPP/3KorYsKGMg4p/FfoO/bEB8LvwXVMAN29WL2SUYylE/sgMrWQrdKRpSnt7rHlX4qsqP+H/KfU7ChQUHtD8w==",
      "engines": {
        "node": ">=8.6"
      },
      "dependencies": {
        "braces": "^3.0.3",
        "picomatch": "^2.3.1"
      }
    },
    "node_modules/node-gyp-build": {
      "version": "4.8.1",
      "resolved": "https://registry.npmjs.org/node-gyp-build/-/node-gyp-build-4.8.1.tgz",
      "integrity": "sha512-OSs33Z9yWr148JZcbZd5WiAXVstEZNLExaIvUKzuAlu0dGLOV7ZfNQcikMvJIxG2CFeSvW8tC5i5H1Ll+wApJIw==",
      "bin": {
        "node-gyp-build": "bin.js"
      }
    },
    "node_modules/normalize-path": {
      "version": "3.0.0",
      "resolved": "https://registry.npmjs.org/normalize-path/-/normalize-path-3.0.0.tgz",
      "integrity": "sha512-6eZs5Ls3BoPQ+NhCMEyBC15RVCstIH3d7K7IYisMkieUKG56nzrD7cacGg+ajNvWvK0haNSrqQVePLMknQJWsQw==",
      "engines": {
        "node": ">=0.10.0"
      }
    },
    "node_modules/picomatch": {
      "version": "2.3.1",
      "resolved": "https://registry.npmjs.org/picomatch/-/picomatch-2.3.1.tgz",
      "integrity": "sha512-JU3teVUYrFKks5R+cNICP2xveW7ahwBtYUl7U3ll+CyPrNwaSZvrgwljZXxtixsmE61+drhAwLajabXUwo0v0DA==",
      "engines": {
        "node": ">=8.6"
      }
    },
    "node_modules/picocolors": {
      "version": "1.0.1",
      "resolved": "https://registry.npmjs.org/picocolors/-/picocolors-1.0.1.tgz",
      "integrity": "sha512-anP1Z8qwhkbmu7MJVocbZLLJ5dlJywnzsFccV5xMo+SpJUXKUQX2i9f58aramZHIQB2LFZmoqKewq5PKqGsqaQw=="
    },
    "node_modules/readdirp": {
      "version": "3.6.0",
      "resolved": "https://registry.npmjs.org/readdirp/-/readdirp-3.6.0.tgz",
      "integrity": "sha512-hOS089on8RduqdbhvQ5Z37A0EQBLlCgl/WNuWzsJ0Nnkc+F/69gTMyGbakYrUpqaWkeGUaiO6BvvGwYABGk2QJw==",
      "dependencies": {
        "picomatch": "^2.2.1"
      }
    },
    "node_modules/sass": {
      "version": "1.77.8",
      "resolved": "https://registry.npmjs.org/sass/-/sass-1.77.8.tgz",
      "integrity": "sha512-4UJdtqSxU370/OL/nWpqsKKYVLG7I8bswDF1VGMY6gNDMRyV7gJs9NoG5Ds34VmZoL28BnIeiyAN4+ynie5bxw==",
      "engines": {
        "node": ">=14.0.0"
      },
      "bin": {
        "sass": "sass.js"
      },
      "dependencies": {
        "@parcel/watcher": "^2.4.1",
        "chokidar": "^3.5.2",
        "immutable": "^4.0.0",
        "is-glob": "^4.0.3",
        "json5": "^2.2.2",
        "picocolors": "^1.0.0",
        "source-map-js": "^1.2.0"
      }
    },
    "node_modules/source-map-js": {
      "version": "1.2.0",
      "resolved": "https://registry.npmjs.org/source-map-js/-/source-map-js-1.2.0.tgz",
      "integrity": "sha512-itJW8lvSA0TXboiPBWvvL4IbI7wUe4v4ir2y+4S9tSwz0QF5Xj9G21z2prwy8fvMYohUe1n38kya6ZjvsNjLoqA==",
      "engines": {
        "node": ">=0.10.0"
      }
    },
    "node_modules/to-regex-range": {
      "version": "5.0.1",
      "resolved": "https://registry.npmjs.org/to-regex-range/-/to-regex-range-5.0.1.tgz",
      "integrity": "sha512-65P7iz6X5yEr1cwcgvQxbbIw7Sk3V4BiFileaQ6b7gycN2QYtDvyWP2VY56LSLwwuEc8To/N41Ep9IqAyAxvvEQ==",
      "dependencies": {
        "is-number": "^7.0.0"
      }
    },
    "node_modules/is-number": {
      "version": "7.0.0",
      "resolved": "https://registry.npmjs.org/is-number/-/is-number-7.0.0.tgz",
      "integrity": "sha512-41Cifkg6e8TylSpdtTpeLVMqvSBEVzTttHvERD741+pnZ8zDvLcmKC5lsTpludThKrGJGMjD0Th1zQbL4Jhg6Mw==",
      "engines": {
        "node": ">=0.12.0"
      }
    }
  }
}
